// !$*UTF8*$!
{
	archiveVersion = 1;
	classes = {
	};
	objectVersion = 56;
	objects = {

/* Begin PBXBuildFile section */
		B51AF7DC2AF3E15400944E5A /* AppDelegate.swift in Sources */ = {isa = PBXBuildFile; fileRef = B51AF7DB2AF3E15400944E5A /* AppDelegate.swift */; };
		B51AF7DE2AF3E15400944E5A /* SceneDelegate.swift in Sources */ = {isa = PBXBuildFile; fileRef = B51AF7DD2AF3E15400944E5A /* SceneDelegate.swift */; };
		B51AF7E52AF3E15600944E5A /* Assets.xcassets in Resources */ = {isa = PBXBuildFile; fileRef = B51AF7E42AF3E15600944E5A /* Assets.xcassets */; };
		B51AF7E82AF3E15600944E5A /* LaunchScreen.storyboard in Resources */ = {isa = PBXBuildFile; fileRef = B51AF7E62AF3E15600944E5A /* LaunchScreen.storyboard */; };
		B51AF7F72AF3E44700944E5A /* PostsViewController.swift in Sources */ = {isa = PBXBuildFile; fileRef = B51AF7F62AF3E44700944E5A /* PostsViewController.swift */; };
		B51AF7F92AF3E54100944E5A /* PostsModel.swift in Sources */ = {isa = PBXBuildFile; fileRef = B51AF7F82AF3E54100944E5A /* PostsModel.swift */; };
		B51AF7FB2AF3E5E200944E5A /* ApiService.swift in Sources */ = {isa = PBXBuildFile; fileRef = B51AF7FA2AF3E5E200944E5A /* ApiService.swift */; };
		B51AF7FD2AF3E7B000944E5A /* PostsViewModel.swift in Sources */ = {isa = PBXBuildFile; fileRef = B51AF7FC2AF3E7B000944E5A /* PostsViewModel.swift */; };
		B51AF7FF2AF3EB3000944E5A /* PostsCell.swift in Sources */ = {isa = PBXBuildFile; fileRef = B51AF7FE2AF3EB3000944E5A /* PostsCell.swift */; };
		B51AF8012AF3F40600944E5A /* DetailOfPostsViewController.swift in Sources */ = {isa = PBXBuildFile; fileRef = B51AF8002AF3F40600944E5A /* DetailOfPostsViewController.swift */; };
/* End PBXBuildFile section */

/* Begin PBXFileReference section */
		B51AF7D82AF3E15400944E5A /* PostsApp.app */ = {isa = PBXFileReference; explicitFileType = wrapper.application; includeInIndex = 0; path = PostsApp.app; sourceTree = BUILT_PRODUCTS_DIR; };
		B51AF7DB2AF3E15400944E5A /* AppDelegate.swift */ = {isa = PBXFileReference; lastKnownFileType = sourcecode.swift; path = AppDelegate.swift; sourceTree = "<group>"; };
		B51AF7DD2AF3E15400944E5A /* SceneDelegate.swift */ = {isa = PBXFileReference; lastKnownFileType = sourcecode.swift; path = SceneDelegate.swift; sourceTree = "<group>"; };
		B51AF7E42AF3E15600944E5A /* Assets.xcassets */ = {isa = PBXFileReference; lastKnownFileType = folder.assetcatalog; path = Assets.xcassets; sourceTree = "<group>"; };
		B51AF7E72AF3E15600944E5A /* Base */ = {isa = PBXFileReference; lastKnownFileType = file.storyboard; name = Base; path = Base.lproj/LaunchScreen.storyboard; sourceTree = "<group>"; };
		B51AF7E92AF3E15600944E5A /* Info.plist */ = {isa = PBXFileReference; lastKnownFileType = text.plist.xml; path = Info.plist; sourceTree = "<group>"; };
		B51AF7F62AF3E44700944E5A /* PostsViewController.swift */ = {isa = PBXFileReference; lastKnownFileType = sourcecode.swift; path = PostsViewController.swift; sourceTree = "<group>"; };
		B51AF7F82AF3E54100944E5A /* PostsModel.swift */ = {isa = PBXFileReference; lastKnownFileType = sourcecode.swift; path = PostsModel.swift; sourceTree = "<group>"; };
		B51AF7FA2AF3E5E200944E5A /* ApiService.swift */ = {isa = PBXFileReference; lastKnownFileType = sourcecode.swift; path = ApiService.swift; sourceTree = "<group>"; };
		B51AF7FC2AF3E7B000944E5A /* PostsViewModel.swift */ = {isa = PBXFileReference; lastKnownFileType = sourcecode.swift; path = PostsViewModel.swift; sourceTree = "<group>"; };
		B51AF7FE2AF3EB3000944E5A /* PostsCell.swift */ = {isa = PBXFileReference; lastKnownFileType = sourcecode.swift; path = PostsCell.swift; sourceTree = "<group>"; };
		B51AF8002AF3F40600944E5A /* DetailOfPostsViewController.swift */ = {isa = PBXFileReference; lastKnownFileType = sourcecode.swift; path = DetailOfPostsViewController.swift; sourceTree = "<group>"; };
/* End PBXFileReference section */

/* Begin PBXFrameworksBuildPhase section */
		B51AF7D52AF3E15400944E5A /* Frameworks */ = {
			isa = PBXFrameworksBuildPhase;
			buildActionMask = 2147483647;
			files = (
			);
			runOnlyForDeploymentPostprocessing = 0;
		};
/* End PBXFrameworksBuildPhase section */

/* Begin PBXGroup section */
		B51AF7CF2AF3E15400944E5A = {
			isa = PBXGroup;
			children = (
				B51AF7DA2AF3E15400944E5A /* PostsApp */,
				B51AF7D92AF3E15400944E5A /* Products */,
			);
			sourceTree = "<group>";
		};
		B51AF7D92AF3E15400944E5A /* Products */ = {
			isa = PBXGroup;
			children = (
				B51AF7D82AF3E15400944E5A /* PostsApp.app */,
			);
			name = Products;
			sourceTree = "<group>";
		};
		B51AF7DA2AF3E15400944E5A /* PostsApp */ = {
			isa = PBXGroup;
			children = (
				B51AF7F32AF3E30E00944E5A /* Posts */,
				B51AF7F02AF3E24B00944E5A /* Resources */,
				B51AF7EF2AF3E17F00944E5A /* Application */,
			);
			path = PostsApp;
			sourceTree = "<group>";
		};
		B51AF7EF2AF3E17F00944E5A /* Application */ = {
			isa = PBXGroup;
			children = (
				B51AF7DB2AF3E15400944E5A /* AppDelegate.swift */,
				B51AF7DD2AF3E15400944E5A /* SceneDelegate.swift */,
			);
			path = Application;
			sourceTree = "<group>";
		};
		B51AF7F02AF3E24B00944E5A /* Resources */ = {
			isa = PBXGroup;
			children = (
				B51AF7E42AF3E15600944E5A /* Assets.xcassets */,
				B51AF7E62AF3E15600944E5A /* LaunchScreen.storyboard */,
				B51AF7E92AF3E15600944E5A /* Info.plist */,
			);
			path = Resources;
			sourceTree = "<group>";
		};
		B51AF7F12AF3E2B500944E5A /* Models */ = {
			isa = PBXGroup;
			children = (
				B51AF7F82AF3E54100944E5A /* PostsModel.swift */,
			);
			path = Models;
			sourceTree = "<group>";
		};
		B51AF7F32AF3E30E00944E5A /* Posts */ = {
			isa = PBXGroup;
			children = (
				B51AF7F12AF3E2B500944E5A /* Models */,
				B51AF7F52AF3E33300944E5A /* ViewModels */,
				B51AF7F42AF3E31D00944E5A /* Views */,
			);
			path = Posts;
			sourceTree = "<group>";
		};
		B51AF7F42AF3E31D00944E5A /* Views */ = {
			isa = PBXGroup;
			children = (
				B51AF7F62AF3E44700944E5A /* PostsViewController.swift */,
				B51AF7FE2AF3EB3000944E5A /* PostsCell.swift */,
				B51AF8002AF3F40600944E5A /* DetailOfPostsViewController.swift */,
			);
			path = Views;
			sourceTree = "<group>";
		};
		B51AF7F52AF3E33300944E5A /* ViewModels */ = {
			isa = PBXGroup;
			children = (
				B51AF7FA2AF3E5E200944E5A /* ApiService.swift */,
				B51AF7FC2AF3E7B000944E5A /* PostsViewModel.swift */,
			);
			path = ViewModels;
			sourceTree = "<group>";
		};
/* End PBXGroup section */

/* Begin PBXNativeTarget section */
		B51AF7D72AF3E15400944E5A /* PostsApp */ = {
			isa = PBXNativeTarget;
			buildConfigurationList = B51AF7EC2AF3E15600944E5A /* Build configuration list for PBXNativeTarget "PostsApp" */;
			buildPhases = (
				B51AF7D42AF3E15400944E5A /* Sources */,
				B51AF7D52AF3E15400944E5A /* Frameworks */,
				B51AF7D62AF3E15400944E5A /* Resources */,
			);
			buildRules = (
			);
			dependencies = (
			);
			name = PostsApp;
			productName = PostsApp;
			productReference = B51AF7D82AF3E15400944E5A /* PostsApp.app */;
			productType = "com.apple.product-type.application";
		};
/* End PBXNativeTarget section */

/* Begin PBXProject section */
		B51AF7D02AF3E15400944E5A /* Project object */ = {
			isa = PBXProject;
			attributes = {
				BuildIndependentTargetsInParallel = 1;
				LastSwiftUpdateCheck = 1500;
				LastUpgradeCheck = 1500;
				TargetAttributes = {
					B51AF7D72AF3E15400944E5A = {
						CreatedOnToolsVersion = 15.0.1;
					};
				};
			};
			buildConfigurationList = B51AF7D32AF3E15400944E5A /* Build configuration list for PBXProject "PostsApp" */;
			compatibilityVersion = "Xcode 14.0";
			developmentRegion = en;
			hasScannedForEncodings = 0;
			knownRegions = (
				en,
				Base,
			);
			mainGroup = B51AF7CF2AF3E15400944E5A;
			productRefGroup = B51AF7D92AF3E15400944E5A /* Products */;
			projectDirPath = "";
			projectRoot = "";
			targets = (
				B51AF7D72AF3E15400944E5A /* PostsApp */,
			);
		};
/* End PBXProject section */

/* Begin PBXResourcesBuildPhase section */
		B51AF7D62AF3E15400944E5A /* Resources */ = {
			isa = PBXResourcesBuildPhase;
			buildActionMask = 2147483647;
			files = (
				B51AF7E82AF3E15600944E5A /* LaunchScreen.storyboard in Resources */,
				B51AF7E52AF3E15600944E5A /* Assets.xcassets in Resources */,
			);
			runOnlyForDeploymentPostprocessing = 0;
		};
/* End PBXResourcesBuildPhase section */

/* Begin PBXSourcesBuildPhase section */
		B51AF7D42AF3E15400944E5A /* Sources */ = {
			isa = PBXSourcesBuildPhase;
			buildActionMask = 2147483647;
			files = (
				B51AF7F72AF3E44700944E5A /* PostsViewController.swift in Sources */,
				B51AF7FB2AF3E5E200944E5A /* ApiService.swift in Sources */,
				B51AF7FD2AF3E7B000944E5A /* PostsViewModel.swift in Sources */,
				B51AF7F92AF3E54100944E5A /* PostsModel.swift in Sources */,
				B51AF8012AF3F40600944E5A /* DetailOfPostsViewController.swift in Sources */,
				B51AF7DC2AF3E15400944E5A /* AppDelegate.swift in Sources */,
				B51AF7FF2AF3EB3000944E5A /* PostsCell.swift in Sources */,
				B51AF7DE2AF3E15400944E5A /* SceneDelegate.swift in Sources */,
			);
			runOnlyForDeploymentPostprocessing = 0;
		};
/* End PBXSourcesBuildPhase section */

/* Begin PBXVariantGroup section */
		B51AF7E62AF3E15600944E5A /* LaunchScreen.storyboard */ = {
			isa = PBXVariantGroup;
			children = (
				B51AF7E72AF3E15600944E5A /* Base */,
			);
			name = LaunchScreen.storyboard;
			sourceTree = "<group>";
		};
/* End PBXVariantGroup section */

/* Begin XCBuildConfiguration section */
		B51AF7EA2AF3E15600944E5A /* Debug */ = {
			isa = XCBuildConfiguration;
			buildSettings = {
				ALWAYS_SEARCH_USER_PATHS = NO;
				ASSETCATALOG_COMPILER_GENERATE_SWIFT_ASSET_SYMBOL_EXTENSIONS = YES;
				CLANG_ANALYZER_NONNULL = YES;
				CLANG_ANALYZER_NUMBER_OBJECT_CONVERSION = YES_AGGRESSIVE;
				CLANG_CXX_LANGUAGE_STANDARD = "gnu++20";
				CLANG_ENABLE_MODULES = YES;
				CLANG_ENABLE_OBJC_ARC = YES;
				CLANG_ENABLE_OBJC_WEAK = YES;
				CLANG_WARN_BLOCK_CAPTURE_AUTORELEASING = YES;
				CLANG_WARN_BOOL_CONVERSION = YES;
				CLANG_WARN_COMMA = YES;
				CLANG_WARN_CONSTANT_CONVERSION = YES;
				CLANG_WARN_DEPRECATED_OBJC_IMPLEMENTATIONS = YES;
				CLANG_WARN_DIRECT_OBJC_ISA_USAGE = YES_ERROR;
				CLANG_WARN_DOCUMENTATION_COMMENTS = YES;
				CLANG_WARN_EMPTY_BODY = YES;
				CLANG_WARN_ENUM_CONVERSION = YES;
				CLANG_WARN_INFINITE_RECURSION = YES;
				CLANG_WARN_INT_CONVERSION = YES;
				CLANG_WARN_NON_LITERAL_NULL_CONVERSION = YES;
				CLANG_WARN_OBJC_IMPLICIT_RETAIN_SELF = YES;
				CLANG_WARN_OBJC_LITERAL_CONVERSION = YES;
				CLANG_WARN_OBJC_ROOT_CLASS = YES_ERROR;
				CLANG_WARN_QUOTED_INCLUDE_IN_FRAMEWORK_HEADER = YES;
				CLANG_WARN_RANGE_LOOP_ANALYSIS = YES;
				CLANG_WARN_STRICT_PROTOTYPES = YES;
				CLANG_WARN_SUSPICIOUS_MOVE = YES;
				CLANG_WARN_UNGUARDED_AVAILABILITY = YES_AGGRESSIVE;
				CLANG_WARN_UNREACHABLE_CODE = YES;
				CLANG_WARN__DUPLICATE_METHOD_MATCH = YES;
				COPY_PHASE_STRIP = NO;
				DEBUG_INFORMATION_FORMAT = dwarf;
				ENABLE_STRICT_OBJC_MSGSEND = YES;
				ENABLE_TESTABILITY = YES;
				ENABLE_USER_SCRIPT_SANDBOXING = YES;
				GCC_C_LANGUAGE_STANDARD = gnu17;
				GCC_DYNAMIC_NO_PIC = NO;
				GCC_NO_COMMON_BLOCKS = YES;
				GCC_OPTIMIZATION_LEVEL = 0;
				GCC_PREPROCESSOR_DEFINITIONS = (
					"DEBUG=1",
					"$(inherited)",
				);
				GCC_WARN_64_TO_32_BIT_CONVERSION = YES;
				GCC_WARN_ABOUT_RETURN_TYPE = YES_ERROR;
				GCC_WARN_UNDECLARED_SELECTOR = YES;
				GCC_WARN_UNINITIALIZED_AUTOS = YES_AGGRESSIVE;
				GCC_WARN_UNUSED_FUNCTION = YES;
				GCC_WARN_UNUSED_VARIABLE = YES;
				IPHONEOS_DEPLOYMENT_TARGET = 17.0;
				LOCALIZATION_PREFERS_STRING_CATALOGS = YES;
				MTL_ENABLE_DEBUG_INFO = INCLUDE_SOURCE;
				MTL_FAST_MATH = YES;
				ONLY_ACTIVE_ARCH = YES;
				SDKROOT = iphoneos;
				SWIFT_ACTIVE_COMPILATION_CONDITIONS = "DEBUG $(inherited)";
				SWIFT_OPTIMIZATION_LEVEL = "-Onone";
			};
			name = Debug;
		};
		B51AF7EB2AF3E15600944E5A /* Release */ = {
			isa = XCBuildConfiguration;
			buildSettings = {
				ALWAYS_SEARCH_USER_PATHS = NO;
				ASSETCATALOG_COMPILER_GENERATE_SWIFT_ASSET_SYMBOL_EXTENSIONS = YES;
				CLANG_ANALYZER_NONNULL = YES;
				CLANG_ANALYZER_NUMBER_OBJECT_CONVERSION = YES_AGGRESSIVE;
				CLANG_CXX_LANGUAGE_STANDARD = "gnu++20";
				CLANG_ENABLE_MODULES = YES;
				CLANG_ENABLE_OBJC_ARC = YES;
				CLANG_ENABLE_OBJC_WEAK = YES;
				CLANG_WARN_BLOCK_CAPTURE_AUTORELEASING = YES;
				CLANG_WARN_BOOL_CONVERSION = YES;
				CLANG_WARN_COMMA = YES;
				CLANG_WARN_CONSTANT_CONVERSION = YES;
				CLANG_WARN_DEPRECATED_OBJC_IMPLEMENTATIONS = YES;
				CLANG_WARN_DIRECT_OBJC_ISA_USAGE = YES_ERROR;
				CLANG_WARN_DOCUMENTATION_COMMENTS = YES;
				CLANG_WARN_EMPTY_BODY = YES;
				CLANG_WARN_ENUM_CONVERSION = YES;
				CLANG_WARN_INFINITE_RECURSION = YES;
				CLANG_WARN_INT_CONVERSION = YES;
				CLANG_WARN_NON_LITERAL_NULL_CONVERSION = YES;
				CLANG_WARN_OBJC_IMPLICIT_RETAIN_SELF = YES;
				CLANG_WARN_OBJC_LITERAL_CONVERSION = YES;
				CLANG_WARN_OBJC_ROOT_CLASS = YES_ERROR;
				CLANG_WARN_QUOTED_INCLUDE_IN_FRAMEWORK_HEADER = YES;
				CLANG_WARN_RANGE_LOOP_ANALYSIS = YES;
				CLANG_WARN_STRICT_PROTOTYPES = YES;
				CLANG_WARN_SUSPICIOUS_MOVE = YES;
				CLANG_WARN_UNGUARDED_AVAILABILITY = YES_AGGRESSIVE;
				CLANG_WARN_UNREACHABLE_CODE = YES;
				CLANG_WARN__DUPLICATE_METHOD_MATCH = YES;
				COPY_PHASE_STRIP = NO;
				DEBUG_INFORMATION_FORMAT = "dwarf-with-dsym";
				ENABLE_NS_ASSERTIONS = NO;
				ENABLE_STRICT_OBJC_MSGSEND = YES;
				ENABLE_USER_SCRIPT_SANDBOXING = YES;
				GCC_C_LANGUAGE_STANDARD = gnu17;
				GCC_NO_COMMON_BLOCKS = YES;
				GCC_WARN_64_TO_32_BIT_CONVERSION = YES;
				GCC_WARN_ABOUT_RETURN_TYPE = YES_ERROR;
				GCC_WARN_UNDECLARED_SELECTOR = YES;
				GCC_WARN_UNINITIALIZED_AUTOS = YES_AGGRESSIVE;
				GCC_WARN_UNUSED_FUNCTION = YES;
				GCC_WARN_UNUSED_VARIABLE = YES;
				IPHONEOS_DEPLOYMENT_TARGET = 17.0;
				LOCALIZATION_PREFERS_STRING_CATALOGS = YES;
				MTL_ENABLE_DEBUG_INFO = NO;
				MTL_FAST_MATH = YES;
				SDKROOT = iphoneos;
				SWIFT_COMPILATION_MODE = wholemodule;
				VALIDATE_PRODUCT = YES;
			};
			name = Release;
		};
		B51AF7ED2AF3E15600944E5A /* Debug */ = {
			isa = XCBuildConfiguration;
			buildSettings = {
				ASSETCATALOG_COMPILER_APPICON_NAME = AppIcon;
				ASSETCATALOG_COMPILER_GLOBAL_ACCENT_COLOR_NAME = AccentColor;
				CODE_SIGN_STYLE = Automatic;
				CURRENT_PROJECT_VERSION = 1;
				DEVELOPMENT_TEAM = QLGVY7XBT8;
				GENERATE_INFOPLIST_FILE = YES;
				INFOPLIST_FILE = PostsApp/Resources/Info.plist;
				INFOPLIST_KEY_UIApplicationSupportsIndirectInputEvents = YES;
				INFOPLIST_KEY_UILaunchStoryboardName = LaunchScreen;
				INFOPLIST_KEY_UISupportedInterfaceOrientations_iPad = "UIInterfaceOrientationPortrait UIInterfaceOrientationPortraitUpsideDown UIInterfaceOrientationLandscapeLeft UIInterfaceOrientationLandscapeRight";
				INFOPLIST_KEY_UISupportedInterfaceOrientations_iPhone = "UIInterfaceOrientationPortrait UIInterfaceOrientationLandscapeLeft UIInterfaceOrientationLandscapeRight";
				LD_RUNPATH_SEARCH_PATHS = (
					"$(inherited)",
					"@executable_path/Frameworks",
				);
				MARKETING_VERSION = 1.0;
				PRODUCT_BUNDLE_IDENTIFIER = Artym.PostsApp;
				PRODUCT_NAME = "$(TARGET_NAME)";
				SWIFT_EMIT_LOC_STRINGS = YES;
				SWIFT_VERSION = 5.0;
				TARGETED_DEVICE_FAMILY = "1,2";
			};
			name = Debug;
		};
		B51AF7EE2AF3E15600944E5A /* Release */ = {
			isa = XCBuildConfiguration;
			buildSettings = {
				ASSETCATALOG_COMPILER_APPICON_NAME = AppIcon;
				ASSETCATALOG_COMPILER_GLOBAL_ACCENT_COLOR_NAME = AccentColor;
				CODE_SIGN_STYLE = Automatic;
				CURRENT_PROJECT_VERSION = 1;
				DEVELOPMENT_TEAM = QLGVY7XBT8;
				GENERATE_INFOPLIST_FILE = YES;
				INFOPLIST_FILE = PostsApp/Resources/Info.plist;
				INFOPLIST_KEY_UIApplicationSupportsIndirectInputEvents = YES;
				INFOPLIST_KEY_UILaunchStoryboardName = LaunchScreen;
				INFOPLIST_KEY_UISupportedInterfaceOrientations_iPad = "UIInterfaceOrientationPortrait UIInterfaceOrientationPortraitUpsideDown UIInterfaceOrientationLandscapeLeft UIInterfaceOrientationLandscapeRight";
				INFOPLIST_KEY_UISupportedInterfaceOrientations_iPhone = "UIInterfaceOrientationPortrait UIInterfaceOrientationLandscapeLeft UIInterfaceOrientationLandscapeRight";
				LD_RUNPATH_SEARCH_PATHS = (
					"$(inherited)",
					"@executable_path/Frameworks",
				);
				MARKETING_VERSION = 1.0;
				PRODUCT_BUNDLE_IDENTIFIER = Artym.PostsApp;
				PRODUCT_NAME = "$(TARGET_NAME)";
				SWIFT_EMIT_LOC_STRINGS = YES;
				SWIFT_VERSION = 5.0;
				TARGETED_DEVICE_FAMILY = "1,2";
			};
			name = Release;
		};
/* End XCBuildConfiguration section */

/* Begin XCConfigurationList section */
		B51AF7D32AF3E15400944E5A /* Build configuration list for PBXProject "PostsApp" */ = {
			isa = XCConfigurationList;
			buildConfigurations = (
				B51AF7EA2AF3E15600944E5A /* Debug */,
				B51AF7EB2AF3E15600944E5A /* Release */,
			);
			defaultConfigurationIsVisible = 0;
			defaultConfigurationName = Release;
		};
		B51AF7EC2AF3E15600944E5A /* Build configuration list for PBXNativeTarget "PostsApp" */ = {
			isa = XCConfigurationList;
			buildConfigurations = (
				B51AF7ED2AF3E15600944E5A /* Debug */,
				B51AF7EE2AF3E15600944E5A /* Release */,
			);
			defaultConfigurationIsVisible = 0;
			defaultConfigurationName = Release;
		};
/* End XCConfigurationList section */
	};
	rootObject = B51AF7D02AF3E15400944E5A /* Project object */;
}
